
Microsoft Visual Studio Solution File, Format Version 12.00
# Visual Studio Version 17
VisualStudioVersion = 17.6.33829.357
MinimumVisualStudioVersion = 10.0.40219.1
Project("{FAE04EC0-301F-11D3-BF4B-00C04F79EFBC}") = "SnakeGame", "SnakeGame.csproj", "{E7B2D7C6-1C32-4FCB-A037-117CB4AF2E5E}"
EndProject
Global
	GlobalSection(SolutionConfigurationPlatforms) = preSolution
		Debug|Any CPU = Debug|Any CPU
		Release|Any CPU = Release|Any CPU
	EndGlobalSection
	GlobalSection(ProjectConfigurationPlatforms) = postSolution
		{E7B2D7C6-1C32-4FCB-A037-117CB4AF2E5E}.Debug|Any CPU.ActiveCfg = Debug|Any CPU
		{E7B2D7C6-1C32-4FCB-A037-117CB4AF2E5E}.Debug|Any CPU.Build.0 = Debug|Any CPU
		{E7B2D7C6-1C32-4FCB-A037-117CB4AF2E5E}.Release|Any CPU.ActiveCfg = Release|Any CPU
		{E7B2D7C6-1C32-4FCB-A037-117CB4AF2E5E}.Release|Any CPU.Build.0 = Release|Any CPU
	EndGlobalSection
	GlobalSection(SolutionProperties) = preSolution
		HideSolutionNode = FALSE
	EndGlobalSection
	GlobalSection(ExtensibilityGlobals) = postSolution
		SolutionGuid = {B3A53C14-4384-48E1-B8F9-AE30E63CFA44}
	EndGlobalSection
EndGlobal
